
Microsoft Visual Studio Solution File, Format Version 12.00
# Visual Studio Version 17
VisualStudioVersion = 17.4.33103.184
MinimumVisualStudioVersion = 10.0.40219.1
Project("{FAE04EC0-301F-11D3-BF4B-00C04F79EFBC}") = "SalmanApplication", "SalmanApplication\SalmanApplication.csproj", "{91161094-D830-4D61-8814-C4F8482FF1FD}"
EndProject
Global
	GlobalSection(SolutionConfigurationPlatforms) = preSolution
		Debug|Any CPU = Debug|Any CPU
		Release|Any CPU = Release|Any CPU
	EndGlobalSection
	GlobalSection(ProjectConfigurationPlatforms) = postSolution
		{91161094-D830-4D61-8814-C4F8482FF1FD}.Debug|Any CPU.ActiveCfg = Debug|Any CPU
		{91161094-D830-4D61-8814-C4F8482FF1FD}.Debug|Any CPU.Build.0 = Debug|Any CPU
		{91161094-D830-4D61-8814-C4F8482FF1FD}.Release|Any CPU.ActiveCfg = Release|Any CPU
		{91161094-D830-4D61-8814-C4F8482FF1FD}.Release|Any CPU.Build.0 = Release|Any CPU
	EndGlobalSection
	GlobalSection(SolutionProperties) = preSolution
		HideSolutionNode = FALSE
	EndGlobalSection
	GlobalSection(ExtensibilityGlobals) = postSolution
		SolutionGuid = {AC96EF34-25EB-4370-87DA-850C1ED718DE}
	EndGlobalSection
EndGlobal
